PODS:
  - NWWebSocket (0.5.2)
  - PusherSwift (9.2.2):
    - NWWebSocket (~> 0.5.2)
    - TweetNacl (~> 1.0.0)
  - TweetNacl (1.0.2)

DEPENDENCIES:
  - PusherSwift (~> 9.0)

SPEC REPOS:
  trunk:
    - NWWebSocket
    - PusherSwift
    - TweetNacl

SPEC CHECKSUMS:
  NWWebSocket: 21f0c73639815da3272862c912275b26102aa80c
  PusherSwift: 8b252244aca6a662572be48a97b756d14cd7542c
  TweetNacl: 3abf4d1d2082b0114e7a67410e300892448951e6

PODFILE CHECKSUM: 9e5ace84bfcc55653090eb0e1051ee17e4a7ec16

COCOAPODS: 1.11.3
