// !$*UTF8*$!
{
	archiveVersion = 1;
	classes = {
	};
	objectVersion = 55;
	objects = {

/* Begin PBXBuildFile section */
		3D4A9F294C11CAB3532C7E3A /* Pods_MerchantApp.framework in Frameworks */ = {isa = PBXBuildFile; fileRef = 3DE018B0D1F4EE5BFB278DF6 /* Pods_MerchantApp.framework */; };
		F6F4BE3B286E3A9400E006F8 /* AppDelegate.swift in Sources */ = {isa = PBXBuildFile; fileRef = F6F4BE3A286E3A9400E006F8 /* AppDelegate.swift */; };
		F6F4BE3D286E3A9400E006F8 /* SceneDelegate.swift in Sources */ = {isa = PBXBuildFile; fileRef = F6F4BE3C286E3A9400E006F8 /* SceneDelegate.swift */; };
		F6F4BE3F286E3A9400E006F8 /* MerchantHome.swift in Sources */ = {isa = PBXBuildFile; fileRef = F6F4BE3E286E3A9400E006F8 /* MerchantHome.swift */; };
		F6F4BE42286E3A9400E006F8 /* Main.storyboard in Resources */ = {isa = PBXBuildFile; fileRef = F6F4BE40286E3A9400E006F8 /* Main.storyboard */; };
		F6F4BE44286E3A9500E006F8 /* Assets.xcassets in Resources */ = {isa = PBXBuildFile; fileRef = F6F4BE43286E3A9500E006F8 /* Assets.xcassets */; };
		F6F4BE47286E3A9500E006F8 /* LaunchScreen.storyboard in Resources */ = {isa = PBXBuildFile; fileRef = F6F4BE45286E3A9500E006F8 /* LaunchScreen.storyboard */; };
		F6F4BE73286E452300E006F8 /* OrderRecieved.swift in Sources */ = {isa = PBXBuildFile; fileRef = F6F4BE72286E452300E006F8 /* OrderRecieved.swift */; };
		F6F4BE77286E48E700E006F8 /* MerchantSocket.swift in Sources */ = {isa = PBXBuildFile; fileRef = F6F4BE76286E48E700E006F8 /* MerchantSocket.swift */; };
/* End PBXBuildFile section */

/* Begin PBXFileReference section */
		0AB6700F322D54824BD6E40D /* Pods-MerchantApp.release.xcconfig */ = {isa = PBXFileReference; includeInIndex = 1; lastKnownFileType = text.xcconfig; name = "Pods-MerchantApp.release.xcconfig"; path = "Target Support Files/Pods-MerchantApp/Pods-MerchantApp.release.xcconfig"; sourceTree = "<group>"; };
		3DE018B0D1F4EE5BFB278DF6 /* Pods_MerchantApp.framework */ = {isa = PBXFileReference; explicitFileType = wrapper.framework; includeInIndex = 0; path = Pods_MerchantApp.framework; sourceTree = BUILT_PRODUCTS_DIR; };
		8785AADA2F39112BAD046080 /* Pods-MerchantApp.debug.xcconfig */ = {isa = PBXFileReference; includeInIndex = 1; lastKnownFileType = text.xcconfig; name = "Pods-MerchantApp.debug.xcconfig"; path = "Target Support Files/Pods-MerchantApp/Pods-MerchantApp.debug.xcconfig"; sourceTree = "<group>"; };
		F6F4BE37286E3A9400E006F8 /* MerchantApp.app */ = {isa = PBXFileReference; explicitFileType = wrapper.application; includeInIndex = 0; path = MerchantApp.app; sourceTree = BUILT_PRODUCTS_DIR; };
		F6F4BE3A286E3A9400E006F8 /* AppDelegate.swift */ = {isa = PBXFileReference; lastKnownFileType = sourcecode.swift; path = AppDelegate.swift; sourceTree = "<group>"; };
		F6F4BE3C286E3A9400E006F8 /* SceneDelegate.swift */ = {isa = PBXFileReference; lastKnownFileType = sourcecode.swift; path = SceneDelegate.swift; sourceTree = "<group>"; };
		F6F4BE3E286E3A9400E006F8 /* MerchantHome.swift */ = {isa = PBXFileReference; lastKnownFileType = sourcecode.swift; path = MerchantHome.swift; sourceTree = "<group>"; };
		F6F4BE41286E3A9400E006F8 /* Base */ = {isa = PBXFileReference; lastKnownFileType = file.storyboard; name = Base; path = Base.lproj/Main.storyboard; sourceTree = "<group>"; };
		F6F4BE43286E3A9500E006F8 /* Assets.xcassets */ = {isa = PBXFileReference; lastKnownFileType = folder.assetcatalog; path = Assets.xcassets; sourceTree = "<group>"; };
		F6F4BE46286E3A9500E006F8 /* Base */ = {isa = PBXFileReference; lastKnownFileType = file.storyboard; name = Base; path = Base.lproj/LaunchScreen.storyboard; sourceTree = "<group>"; };
		F6F4BE48286E3A9500E006F8 /* Info.plist */ = {isa = PBXFileReference; lastKnownFileType = text.plist.xml; path = Info.plist; sourceTree = "<group>"; };
		F6F4BE72286E452300E006F8 /* OrderRecieved.swift */ = {isa = PBXFileReference; lastKnownFileType = sourcecode.swift; path = OrderRecieved.swift; sourceTree = "<group>"; };
		F6F4BE76286E48E700E006F8 /* MerchantSocket.swift */ = {isa = PBXFileReference; lastKnownFileType = sourcecode.swift; path = MerchantSocket.swift; sourceTree = "<group>"; };
/* End PBXFileReference section */

/* Begin PBXFrameworksBuildPhase section */
		F6F4BE34286E3A9400E006F8 /* Frameworks */ = {
			isa = PBXFrameworksBuildPhase;
			buildActionMask = 2147483647;
			files = (
				3D4A9F294C11CAB3532C7E3A /* Pods_MerchantApp.framework in Frameworks */,
			);
			runOnlyForDeploymentPostprocessing = 0;
		};
/* End PBXFrameworksBuildPhase section */

/* Begin PBXGroup section */
		A33B8D3142C51CEDAF4AA83E /* Pods */ = {
			isa = PBXGroup;
			children = (
				8785AADA2F39112BAD046080 /* Pods-MerchantApp.debug.xcconfig */,
				0AB6700F322D54824BD6E40D /* Pods-MerchantApp.release.xcconfig */,
			);
			path = Pods;
			sourceTree = "<group>";
		};
		AA58A03C6DAEE86792C20447 /* Frameworks */ = {
			isa = PBXGroup;
			children = (
				3DE018B0D1F4EE5BFB278DF6 /* Pods_MerchantApp.framework */,
			);
			name = Frameworks;
			sourceTree = "<group>";
		};
		F6F4BE2E286E3A9400E006F8 = {
			isa = PBXGroup;
			children = (
				F6F4BE39286E3A9400E006F8 /* MerchantApp */,
				F6F4BE38286E3A9400E006F8 /* Products */,
				A33B8D3142C51CEDAF4AA83E /* Pods */,
				AA58A03C6DAEE86792C20447 /* Frameworks */,
			);
			sourceTree = "<group>";
		};
		F6F4BE38286E3A9400E006F8 /* Products */ = {
			isa = PBXGroup;
			children = (
				F6F4BE37286E3A9400E006F8 /* MerchantApp.app */,
			);
			name = Products;
			sourceTree = "<group>";
		};
		F6F4BE39286E3A9400E006F8 /* MerchantApp */ = {
			isa = PBXGroup;
			children = (
				F6F4BE70286E43B900E006F8 /* OrderRecevied */,
				F6F4BE6F286E43AD00E006F8 /* Home */,
				F6F4BE6E286E3BB000E006F8 /* Sockets */,
				F6F4BE3A286E3A9400E006F8 /* AppDelegate.swift */,
				F6F4BE3C286E3A9400E006F8 /* SceneDelegate.swift */,
				F6F4BE40286E3A9400E006F8 /* Main.storyboard */,
				F6F4BE43286E3A9500E006F8 /* Assets.xcassets */,
				F6F4BE45286E3A9500E006F8 /* LaunchScreen.storyboard */,
				F6F4BE48286E3A9500E006F8 /* Info.plist */,
			);
			path = MerchantApp;
			sourceTree = "<group>";
		};
		F6F4BE6E286E3BB000E006F8 /* Sockets */ = {
			isa = PBXGroup;
			children = (
				F6F4BE76286E48E700E006F8 /* MerchantSocket.swift */,
			);
			path = Sockets;
			sourceTree = "<group>";
		};
		F6F4BE6F286E43AD00E006F8 /* Home */ = {
			isa = PBXGroup;
			children = (
				F6F4BE71286E450200E006F8 /* Views */,
			);
			path = Home;
			sourceTree = "<group>";
		};
		F6F4BE70286E43B900E006F8 /* OrderRecevied */ = {
			isa = PBXGroup;
			children = (
				F6F4BE74286E452C00E006F8 /* Views */,
			);
			path = OrderRecevied;
			sourceTree = "<group>";
		};
		F6F4BE71286E450200E006F8 /* Views */ = {
			isa = PBXGroup;
			children = (
				F6F4BE3E286E3A9400E006F8 /* MerchantHome.swift */,
			);
			path = Views;
			sourceTree = "<group>";
		};
		F6F4BE74286E452C00E006F8 /* Views */ = {
			isa = PBXGroup;
			children = (
				F6F4BE72286E452300E006F8 /* OrderRecieved.swift */,
			);
			path = Views;
			sourceTree = "<group>";
		};
/* End PBXGroup section */

/* Begin PBXNativeTarget section */
		F6F4BE36286E3A9400E006F8 /* MerchantApp */ = {
			isa = PBXNativeTarget;
			buildConfigurationList = F6F4BE4B286E3A9500E006F8 /* Build configuration list for PBXNativeTarget "MerchantApp" */;
			buildPhases = (
				36E3C9BE0C208D0043830A71 /* [CP] Check Pods Manifest.lock */,
				F6F4BE33286E3A9400E006F8 /* Sources */,
				F6F4BE34286E3A9400E006F8 /* Frameworks */,
				F6F4BE35286E3A9400E006F8 /* Resources */,
				74BAA95EB1E696F969494292 /* [CP] Embed Pods Frameworks */,
			);
			buildRules = (
			);
			dependencies = (
			);
			name = MerchantApp;
			productName = MerchantApp;
			productReference = F6F4BE37286E3A9400E006F8 /* MerchantApp.app */;
			productType = "com.apple.product-type.application";
		};
/* End PBXNativeTarget section */

/* Begin PBXProject section */
		F6F4BE2F286E3A9400E006F8 /* Project object */ = {
			isa = PBXProject;
			attributes = {
				BuildIndependentTargetsInParallel = 1;
				LastSwiftUpdateCheck = 1340;
				LastUpgradeCheck = 1340;
				TargetAttributes = {
					F6F4BE36286E3A9400E006F8 = {
						CreatedOnToolsVersion = 13.4.1;
					};
				};
			};
			buildConfigurationList = F6F4BE32286E3A9400E006F8 /* Build configuration list for PBXProject "MerchantApp" */;
			compatibilityVersion = "Xcode 13.0";
			developmentRegion = en;
			hasScannedForEncodings = 0;
			knownRegions = (
				en,
				Base,
			);
			mainGroup = F6F4BE2E286E3A9400E006F8;
			productRefGroup = F6F4BE38286E3A9400E006F8 /* Products */;
			projectDirPath = "";
			projectRoot = "";
			targets = (
				F6F4BE36286E3A9400E006F8 /* MerchantApp */,
			);
		};
/* End PBXProject section */

/* Begin PBXResourcesBuildPhase section */
		F6F4BE35286E3A9400E006F8 /* Resources */ = {
			isa = PBXResourcesBuildPhase;
			buildActionMask = 2147483647;
			files = (
				F6F4BE47286E3A9500E006F8 /* LaunchScreen.storyboard in Resources */,
				F6F4BE44286E3A9500E006F8 /* Assets.xcassets in Resources */,
				F6F4BE42286E3A9400E006F8 /* Main.storyboard in Resources */,
			);
			runOnlyForDeploymentPostprocessing = 0;
		};
/* End PBXResourcesBuildPhase section */

/* Begin PBXShellScriptBuildPhase section */
		36E3C9BE0C208D0043830A71 /* [CP] Check Pods Manifest.lock */ = {
			isa = PBXShellScriptBuildPhase;
			buildActionMask = 2147483647;
			files = (
			);
			inputFileListPaths = (
			);
			inputPaths = (
				"${PODS_PODFILE_DIR_PATH}/Podfile.lock",
				"${PODS_ROOT}/Manifest.lock",
			);
			name = "[CP] Check Pods Manifest.lock";
			outputFileListPaths = (
			);
			outputPaths = (
				"$(DERIVED_FILE_DIR)/Pods-MerchantApp-checkManifestLockResult.txt",
			);
			runOnlyForDeploymentPostprocessing = 0;
			shellPath = /bin/sh;
			shellScript = "diff \"${PODS_PODFILE_DIR_PATH}/Podfile.lock\" \"${PODS_ROOT}/Manifest.lock\" > /dev/null\nif [ $? != 0 ] ; then\n    # print error to STDERR\n    echo \"error: The sandbox is not in sync with the Podfile.lock. Run 'pod install' or update your CocoaPods installation.\" >&2\n    exit 1\nfi\n# This output is used by Xcode 'outputs' to avoid re-running this script phase.\necho \"SUCCESS\" > \"${SCRIPT_OUTPUT_FILE_0}\"\n";
			showEnvVarsInLog = 0;
		};
		74BAA95EB1E696F969494292 /* [CP] Embed Pods Frameworks */ = {
			isa = PBXShellScriptBuildPhase;
			buildActionMask = 2147483647;
			files = (
			);
			inputFileListPaths = (
				"${PODS_ROOT}/Target Support Files/Pods-MerchantApp/Pods-MerchantApp-frameworks-${CONFIGURATION}-input-files.xcfilelist",
			);
			name = "[CP] Embed Pods Frameworks";
			outputFileListPaths = (
				"${PODS_ROOT}/Target Support Files/Pods-MerchantApp/Pods-MerchantApp-frameworks-${CONFIGURATION}-output-files.xcfilelist",
			);
			runOnlyForDeploymentPostprocessing = 0;
			shellPath = /bin/sh;
			shellScript = "\"${PODS_ROOT}/Target Support Files/Pods-MerchantApp/Pods-MerchantApp-frameworks.sh\"\n";
			showEnvVarsInLog = 0;
		};
/* End PBXShellScriptBuildPhase section */

/* Begin PBXSourcesBuildPhase section */
		F6F4BE33286E3A9400E006F8 /* Sources */ = {
			isa = PBXSourcesBuildPhase;
			buildActionMask = 2147483647;
			files = (
				F6F4BE3F286E3A9400E006F8 /* MerchantHome.swift in Sources */,
				F6F4BE73286E452300E006F8 /* OrderRecieved.swift in Sources */,
				F6F4BE3B286E3A9400E006F8 /* AppDelegate.swift in Sources */,
				F6F4BE3D286E3A9400E006F8 /* SceneDelegate.swift in Sources */,
				F6F4BE77286E48E700E006F8 /* MerchantSocket.swift in Sources */,
			);
			runOnlyForDeploymentPostprocessing = 0;
		};
/* End PBXSourcesBuildPhase section */

/* Begin PBXVariantGroup section */
		F6F4BE40286E3A9400E006F8 /* Main.storyboard */ = {
			isa = PBXVariantGroup;
			children = (
				F6F4BE41286E3A9400E006F8 /* Base */,
			);
			name = Main.storyboard;
			sourceTree = "<group>";
		};
		F6F4BE45286E3A9500E006F8 /* LaunchScreen.storyboard */ = {
			isa = PBXVariantGroup;
			children = (
				F6F4BE46286E3A9500E006F8 /* Base */,
			);
			name = LaunchScreen.storyboard;
			sourceTree = "<group>";
		};
/* End PBXVariantGroup section */

/* Begin XCBuildConfiguration section */
		F6F4BE49286E3A9500E006F8 /* Debug */ = {
			isa = XCBuildConfiguration;
			buildSettings = {
				ALWAYS_SEARCH_USER_PATHS = NO;
				CLANG_ANALYZER_NONNULL = YES;
				CLANG_ANALYZER_NUMBER_OBJECT_CONVERSION = YES_AGGRESSIVE;
				CLANG_CXX_LANGUAGE_STANDARD = "gnu++17";
				CLANG_ENABLE_MODULES = YES;
				CLANG_ENABLE_OBJC_ARC = YES;
				CLANG_ENABLE_OBJC_WEAK = YES;
				CLANG_WARN_BLOCK_CAPTURE_AUTORELEASING = YES;
				CLANG_WARN_BOOL_CONVERSION = YES;
				CLANG_WARN_COMMA = YES;
				CLANG_WARN_CONSTANT_CONVERSION = YES;
				CLANG_WARN_DEPRECATED_OBJC_IMPLEMENTATIONS = YES;
				CLANG_WARN_DIRECT_OBJC_ISA_USAGE = YES_ERROR;
				CLANG_WARN_DOCUMENTATION_COMMENTS = YES;
				CLANG_WARN_EMPTY_BODY = YES;
				CLANG_WARN_ENUM_CONVERSION = YES;
				CLANG_WARN_INFINITE_RECURSION = YES;
				CLANG_WARN_INT_CONVERSION = YES;
				CLANG_WARN_NON_LITERAL_NULL_CONVERSION = YES;
				CLANG_WARN_OBJC_IMPLICIT_RETAIN_SELF = YES;
				CLANG_WARN_OBJC_LITERAL_CONVERSION = YES;
				CLANG_WARN_OBJC_ROOT_CLASS = YES_ERROR;
				CLANG_WARN_QUOTED_INCLUDE_IN_FRAMEWORK_HEADER = YES;
				CLANG_WARN_RANGE_LOOP_ANALYSIS = YES;
				CLANG_WARN_STRICT_PROTOTYPES = YES;
				CLANG_WARN_SUSPICIOUS_MOVE = YES;
				CLANG_WARN_UNGUARDED_AVAILABILITY = YES_AGGRESSIVE;
				CLANG_WARN_UNREACHABLE_CODE = YES;
				CLANG_WARN__DUPLICATE_METHOD_MATCH = YES;
				COPY_PHASE_STRIP = NO;
				DEBUG_INFORMATION_FORMAT = dwarf;
				ENABLE_STRICT_OBJC_MSGSEND = YES;
				ENABLE_TESTABILITY = YES;
				GCC_C_LANGUAGE_STANDARD = gnu11;
				GCC_DYNAMIC_NO_PIC = NO;
				GCC_NO_COMMON_BLOCKS = YES;
				GCC_OPTIMIZATION_LEVEL = 0;
				GCC_PREPROCESSOR_DEFINITIONS = (
					"DEBUG=1",
					"$(inherited)",
				);
				GCC_WARN_64_TO_32_BIT_CONVERSION = YES;
				GCC_WARN_ABOUT_RETURN_TYPE = YES_ERROR;
				GCC_WARN_UNDECLARED_SELECTOR = YES;
				GCC_WARN_UNINITIALIZED_AUTOS = YES_AGGRESSIVE;
				GCC_WARN_UNUSED_FUNCTION = YES;
				GCC_WARN_UNUSED_VARIABLE = YES;
				IPHONEOS_DEPLOYMENT_TARGET = 15.5;
				MTL_ENABLE_DEBUG_INFO = INCLUDE_SOURCE;
				MTL_FAST_MATH = YES;
				ONLY_ACTIVE_ARCH = YES;
				SDKROOT = iphoneos;
				SWIFT_ACTIVE_COMPILATION_CONDITIONS = DEBUG;
				SWIFT_OPTIMIZATION_LEVEL = "-Onone";
			};
			name = Debug;
		};
		F6F4BE4A286E3A9500E006F8 /* Release */ = {
			isa = XCBuildConfiguration;
			buildSettings = {
				ALWAYS_SEARCH_USER_PATHS = NO;
				CLANG_ANALYZER_NONNULL = YES;
				CLANG_ANALYZER_NUMBER_OBJECT_CONVERSION = YES_AGGRESSIVE;
				CLANG_CXX_LANGUAGE_STANDARD = "gnu++17";
				CLANG_ENABLE_MODULES = YES;
				CLANG_ENABLE_OBJC_ARC = YES;
				CLANG_ENABLE_OBJC_WEAK = YES;
				CLANG_WARN_BLOCK_CAPTURE_AUTORELEASING = YES;
				CLANG_WARN_BOOL_CONVERSION = YES;
				CLANG_WARN_COMMA = YES;
				CLANG_WARN_CONSTANT_CONVERSION = YES;
				CLANG_WARN_DEPRECATED_OBJC_IMPLEMENTATIONS = YES;
				CLANG_WARN_DIRECT_OBJC_ISA_USAGE = YES_ERROR;
				CLANG_WARN_DOCUMENTATION_COMMENTS = YES;
				CLANG_WARN_EMPTY_BODY = YES;
				CLANG_WARN_ENUM_CONVERSION = YES;
				CLANG_WARN_INFINITE_RECURSION = YES;
				CLANG_WARN_INT_CONVERSION = YES;
				CLANG_WARN_NON_LITERAL_NULL_CONVERSION = YES;
				CLANG_WARN_OBJC_IMPLICIT_RETAIN_SELF = YES;
				CLANG_WARN_OBJC_LITERAL_CONVERSION = YES;
				CLANG_WARN_OBJC_ROOT_CLASS = YES_ERROR;
				CLANG_WARN_QUOTED_INCLUDE_IN_FRAMEWORK_HEADER = YES;
				CLANG_WARN_RANGE_LOOP_ANALYSIS = YES;
				CLANG_WARN_STRICT_PROTOTYPES = YES;
				CLANG_WARN_SUSPICIOUS_MOVE = YES;
				CLANG_WARN_UNGUARDED_AVAILABILITY = YES_AGGRESSIVE;
				CLANG_WARN_UNREACHABLE_CODE = YES;
				CLANG_WARN__DUPLICATE_METHOD_MATCH = YES;
				COPY_PHASE_STRIP = NO;
				DEBUG_INFORMATION_FORMAT = "dwarf-with-dsym";
				ENABLE_NS_ASSERTIONS = NO;
				ENABLE_STRICT_OBJC_MSGSEND = YES;
				GCC_C_LANGUAGE_STANDARD = gnu11;
				GCC_NO_COMMON_BLOCKS = YES;
				GCC_WARN_64_TO_32_BIT_CONVERSION = YES;
				GCC_WARN_ABOUT_RETURN_TYPE = YES_ERROR;
				GCC_WARN_UNDECLARED_SELECTOR = YES;
				GCC_WARN_UNINITIALIZED_AUTOS = YES_AGGRESSIVE;
				GCC_WARN_UNUSED_FUNCTION = YES;
				GCC_WARN_UNUSED_VARIABLE = YES;
				IPHONEOS_DEPLOYMENT_TARGET = 15.5;
				MTL_ENABLE_DEBUG_INFO = NO;
				MTL_FAST_MATH = YES;
				SDKROOT = iphoneos;
				SWIFT_COMPILATION_MODE = wholemodule;
				SWIFT_OPTIMIZATION_LEVEL = "-O";
				VALIDATE_PRODUCT = YES;
			};
			name = Release;
		};
		F6F4BE4C286E3A9500E006F8 /* Debug */ = {
			isa = XCBuildConfiguration;
			baseConfigurationReference = 8785AADA2F39112BAD046080 /* Pods-MerchantApp.debug.xcconfig */;
			buildSettings = {
				ASSETCATALOG_COMPILER_APPICON_NAME = AppIcon;
				ASSETCATALOG_COMPILER_GLOBAL_ACCENT_COLOR_NAME = AccentColor;
				CODE_SIGN_STYLE = Automatic;
				CURRENT_PROJECT_VERSION = 1;
				DEVELOPMENT_TEAM = 3JH3J2MS83;
				GENERATE_INFOPLIST_FILE = YES;
				INFOPLIST_FILE = MerchantApp/Info.plist;
				INFOPLIST_KEY_UIApplicationSupportsIndirectInputEvents = YES;
				INFOPLIST_KEY_UILaunchStoryboardName = LaunchScreen;
				INFOPLIST_KEY_UIMainStoryboardFile = Main;
				INFOPLIST_KEY_UISupportedInterfaceOrientations_iPad = "UIInterfaceOrientationPortrait UIInterfaceOrientationPortraitUpsideDown UIInterfaceOrientationLandscapeLeft UIInterfaceOrientationLandscapeRight";
				INFOPLIST_KEY_UISupportedInterfaceOrientations_iPhone = "UIInterfaceOrientationPortrait UIInterfaceOrientationLandscapeLeft UIInterfaceOrientationLandscapeRight";
				LD_RUNPATH_SEARCH_PATHS = (
					"$(inherited)",
					"@executable_path/Frameworks",
				);
				MARKETING_VERSION = 1.0;
				PRODUCT_BUNDLE_IDENTIFIER = TenDegrees.MerchantApp;
				PRODUCT_NAME = "$(TARGET_NAME)";
				SWIFT_EMIT_LOC_STRINGS = YES;
				SWIFT_VERSION = 5.0;
				TARGETED_DEVICE_FAMILY = "1,2";
			};
			name = Debug;
		};
		F6F4BE4D286E3A9500E006F8 /* Release */ = {
			isa = XCBuildConfiguration;
			baseConfigurationReference = 0AB6700F322D54824BD6E40D /* Pods-MerchantApp.release.xcconfig */;
			buildSettings = {
				ASSETCATALOG_COMPILER_APPICON_NAME = AppIcon;
				ASSETCATALOG_COMPILER_GLOBAL_ACCENT_COLOR_NAME = AccentColor;
				CODE_SIGN_STYLE = Automatic;
				CURRENT_PROJECT_VERSION = 1;
				DEVELOPMENT_TEAM = 3JH3J2MS83;
				GENERATE_INFOPLIST_FILE = YES;
				INFOPLIST_FILE = MerchantApp/Info.plist;
				INFOPLIST_KEY_UIApplicationSupportsIndirectInputEvents = YES;
				INFOPLIST_KEY_UILaunchStoryboardName = LaunchScreen;
				INFOPLIST_KEY_UIMainStoryboardFile = Main;
				INFOPLIST_KEY_UISupportedInterfaceOrientations_iPad = "UIInterfaceOrientationPortrait UIInterfaceOrientationPortraitUpsideDown UIInterfaceOrientationLandscapeLeft UIInterfaceOrientationLandscapeRight";
				INFOPLIST_KEY_UISupportedInterfaceOrientations_iPhone = "UIInterfaceOrientationPortrait UIInterfaceOrientationLandscapeLeft UIInterfaceOrientationLandscapeRight";
				LD_RUNPATH_SEARCH_PATHS = (
					"$(inherited)",
					"@executable_path/Frameworks",
				);
				MARKETING_VERSION = 1.0;
				PRODUCT_BUNDLE_IDENTIFIER = TenDegrees.MerchantApp;
				PRODUCT_NAME = "$(TARGET_NAME)";
				SWIFT_EMIT_LOC_STRINGS = YES;
				SWIFT_VERSION = 5.0;
				TARGETED_DEVICE_FAMILY = "1,2";
			};
			name = Release;
		};
/* End XCBuildConfiguration section */

/* Begin XCConfigurationList section */
		F6F4BE32286E3A9400E006F8 /* Build configuration list for PBXProject "MerchantApp" */ = {
			isa = XCConfigurationList;
			buildConfigurations = (
				F6F4BE49286E3A9500E006F8 /* Debug */,
				F6F4BE4A286E3A9500E006F8 /* Release */,
			);
			defaultConfigurationIsVisible = 0;
			defaultConfigurationName = Release;
		};
		F6F4BE4B286E3A9500E006F8 /* Build configuration list for PBXNativeTarget "MerchantApp" */ = {
			isa = XCConfigurationList;
			buildConfigurations = (
				F6F4BE4C286E3A9500E006F8 /* Debug */,
				F6F4BE4D286E3A9500E006F8 /* Release */,
			);
			defaultConfigurationIsVisible = 0;
			defaultConfigurationName = Release;
		};
/* End XCConfigurationList section */
	};
	rootObject = F6F4BE2F286E3A9400E006F8 /* Project object */;
}
